
Microsoft Visual Studio Solution File, Format Version 12.00
# Visual Studio Version 16
VisualStudioVersion = 16.0.29503.13
MinimumVisualStudioVersion = 10.0.40219.1
Project("{8BC9CEB8-8B4A-11D0-8D11-00A0C91BC942}") = "Folding", "Folding\Folding.vcxproj", "{39AC2D03-C9D0-4AA1-898A-C7D031145304}"
EndProject
Global
	GlobalSection(SolutionConfigurationPlatforms) = preSolution
		Debug|x64 = Debug|x64
		Debug|x86 = Debug|x86
		Release|x64 = Release|x64
		Release|x86 = Release|x86
	EndGlobalSection
	GlobalSection(ProjectConfigurationPlatforms) = postSolution
		{39AC2D03-C9D0-4AA1-898A-C7D031145304}.Debug|x64.ActiveCfg = Debug|x64
		{39AC2D03-C9D0-4AA1-898A-C7D031145304}.Debug|x64.Build.0 = Debug|x64
		{39AC2D03-C9D0-4AA1-898A-C7D031145304}.Debug|x86.ActiveCfg = Debug|Win32
		{39AC2D03-C9D0-4AA1-898A-C7D031145304}.Debug|x86.Build.0 = Debug|Win32
		{39AC2D03-C9D0-4AA1-898A-C7D031145304}.Release|x64.ActiveCfg = Release|x64
		{39AC2D03-C9D0-4AA1-898A-C7D031145304}.Release|x64.Build.0 = Release|x64
		{39AC2D03-C9D0-4AA1-898A-C7D031145304}.Release|x86.ActiveCfg = Release|Win32
		{39AC2D03-C9D0-4AA1-898A-C7D031145304}.Release|x86.Build.0 = Release|Win32
	EndGlobalSection
	GlobalSection(SolutionProperties) = preSolution
		HideSolutionNode = FALSE
	EndGlobalSection
	GlobalSection(ExtensibilityGlobals) = postSolution
		SolutionGuid = {364AD576-3541-4C0C-B734-C08961046631}
	EndGlobalSection
EndGlobal
