
Microsoft Visual Studio Solution File, Format Version 12.00
# Visual Studio Version 16
VisualStudioVersion = 16.0.29503.13
MinimumVisualStudioVersion = 10.0.40219.1
Project("{8BC9CEB8-8B4A-11D0-8D11-00A0C91BC942}") = "Filesystem", "Filesystem\Filesystem.vcxproj", "{95428559-3E10-4C36-800B-0CBCB037CECC}"
EndProject
Global
	GlobalSection(SolutionConfigurationPlatforms) = preSolution
		Debug|x64 = Debug|x64
		Debug|x86 = Debug|x86
		Release|x64 = Release|x64
		Release|x86 = Release|x86
	EndGlobalSection
	GlobalSection(ProjectConfigurationPlatforms) = postSolution
		{95428559-3E10-4C36-800B-0CBCB037CECC}.Debug|x64.ActiveCfg = Debug|x64
		{95428559-3E10-4C36-800B-0CBCB037CECC}.Debug|x64.Build.0 = Debug|x64
		{95428559-3E10-4C36-800B-0CBCB037CECC}.Debug|x86.ActiveCfg = Debug|Win32
		{95428559-3E10-4C36-800B-0CBCB037CECC}.Debug|x86.Build.0 = Debug|Win32
		{95428559-3E10-4C36-800B-0CBCB037CECC}.Release|x64.ActiveCfg = Release|x64
		{95428559-3E10-4C36-800B-0CBCB037CECC}.Release|x64.Build.0 = Release|x64
		{95428559-3E10-4C36-800B-0CBCB037CECC}.Release|x86.ActiveCfg = Release|Win32
		{95428559-3E10-4C36-800B-0CBCB037CECC}.Release|x86.Build.0 = Release|Win32
	EndGlobalSection
	GlobalSection(SolutionProperties) = preSolution
		HideSolutionNode = FALSE
	EndGlobalSection
	GlobalSection(ExtensibilityGlobals) = postSolution
		SolutionGuid = {4AE64511-75D6-458E-98BD-7B37E20E7FDD}
	EndGlobalSection
EndGlobal
