
Microsoft Visual Studio Solution File, Format Version 12.00
# Visual Studio Version 16
VisualStudioVersion = 16.0.29503.13
MinimumVisualStudioVersion = 10.0.40219.1
Project("{8BC9CEB8-8B4A-11D0-8D11-00A0C91BC942}") = "TemplatesBasics", "TemplatesBasics\TemplatesBasics.vcxproj", "{DC1C556D-E1BB-4ACC-B637-CDE2E43FD069}"
EndProject
Global
	GlobalSection(SolutionConfigurationPlatforms) = preSolution
		Debug|x64 = Debug|x64
		Debug|x86 = Debug|x86
		Release|x64 = Release|x64
		Release|x86 = Release|x86
	EndGlobalSection
	GlobalSection(ProjectConfigurationPlatforms) = postSolution
		{DC1C556D-E1BB-4ACC-B637-CDE2E43FD069}.Debug|x64.ActiveCfg = Debug|x64
		{DC1C556D-E1BB-4ACC-B637-CDE2E43FD069}.Debug|x64.Build.0 = Debug|x64
		{DC1C556D-E1BB-4ACC-B637-CDE2E43FD069}.Debug|x86.ActiveCfg = Debug|Win32
		{DC1C556D-E1BB-4ACC-B637-CDE2E43FD069}.Debug|x86.Build.0 = Debug|Win32
		{DC1C556D-E1BB-4ACC-B637-CDE2E43FD069}.Release|x64.ActiveCfg = Release|x64
		{DC1C556D-E1BB-4ACC-B637-CDE2E43FD069}.Release|x64.Build.0 = Release|x64
		{DC1C556D-E1BB-4ACC-B637-CDE2E43FD069}.Release|x86.ActiveCfg = Release|Win32
		{DC1C556D-E1BB-4ACC-B637-CDE2E43FD069}.Release|x86.Build.0 = Release|Win32
	EndGlobalSection
	GlobalSection(SolutionProperties) = preSolution
		HideSolutionNode = FALSE
	EndGlobalSection
	GlobalSection(ExtensibilityGlobals) = postSolution
		SolutionGuid = {5FAAF5A5-D7BB-47F1-BCB0-4EBF12506DBA}
	EndGlobalSection
EndGlobal
