
Microsoft Visual Studio Solution File, Format Version 12.00
# Visual Studio Version 16
VisualStudioVersion = 16.0.29503.13
MinimumVisualStudioVersion = 10.0.40219.1
Project("{8BC9CEB8-8B4A-11D0-8D11-00A0C91BC942}") = "FirstProject", "FirstProject\FirstProject.vcxproj", "{60F51271-08D1-4701-A535-6E932FBB4625}"
EndProject
Global
	GlobalSection(SolutionConfigurationPlatforms) = preSolution
		Debug|x64 = Debug|x64
		Debug|x86 = Debug|x86
		Release|x64 = Release|x64
		Release|x86 = Release|x86
	EndGlobalSection
	GlobalSection(ProjectConfigurationPlatforms) = postSolution
		{60F51271-08D1-4701-A535-6E932FBB4625}.Debug|x64.ActiveCfg = Debug|x64
		{60F51271-08D1-4701-A535-6E932FBB4625}.Debug|x64.Build.0 = Debug|x64
		{60F51271-08D1-4701-A535-6E932FBB4625}.Debug|x86.ActiveCfg = Debug|Win32
		{60F51271-08D1-4701-A535-6E932FBB4625}.Debug|x86.Build.0 = Debug|Win32
		{60F51271-08D1-4701-A535-6E932FBB4625}.Release|x64.ActiveCfg = Release|x64
		{60F51271-08D1-4701-A535-6E932FBB4625}.Release|x64.Build.0 = Release|x64
		{60F51271-08D1-4701-A535-6E932FBB4625}.Release|x86.ActiveCfg = Release|Win32
		{60F51271-08D1-4701-A535-6E932FBB4625}.Release|x86.Build.0 = Release|Win32
	EndGlobalSection
	GlobalSection(SolutionProperties) = preSolution
		HideSolutionNode = FALSE
	EndGlobalSection
	GlobalSection(ExtensibilityGlobals) = postSolution
		SolutionGuid = {2FF3242D-0841-4527-A065-3D0892C9AFD1}
	EndGlobalSection
EndGlobal
